// !$*UTF8*$!
{
	archiveVersion = 1;
	classes = {
	};
	objectVersion = 46;
	objects = {

/* Begin PBXBuildFile section */
		193AD8609F29769809E5613D /* Pods_NetworkingTests.framework in Frameworks */ = {isa = PBXBuildFile; fileRef = 16D902240414A9EF5882DFF7 /* Pods_NetworkingTests.framework */; };
		B21054121F1465EE004AB705 /* DataService.swift in Sources */ = {isa = PBXBuildFile; fileRef = B210540A1F1465EE004AB705 /* DataService.swift */; };
		B21054151F1465EE004AB705 /* HSInterface.swift in Sources */ = {isa = PBXBuildFile; fileRef = B210540D1F1465EE004AB705 /* HSInterface.swift */; };
		B21054161F1465EE004AB705 /* BaseModel.swift in Sources */ = {isa = PBXBuildFile; fileRef = B210540F1F1465EE004AB705 /* BaseModel.swift */; };
		B21054171F1465EE004AB705 /* DataServiceModel.swift in Sources */ = {isa = PBXBuildFile; fileRef = B21054101F1465EE004AB705 /* DataServiceModel.swift */; };
		B21054181F1465EE004AB705 /* LoginInfo.swift in Sources */ = {isa = PBXBuildFile; fileRef = B21054111F1465EE004AB705 /* LoginInfo.swift */; };
		B25C01C71F1464EA007C5E94 /* AppDelegate.swift in Sources */ = {isa = PBXBuildFile; fileRef = B25C01C61F1464EA007C5E94 /* AppDelegate.swift */; };
		B25C01C91F1464EA007C5E94 /* ViewController.swift in Sources */ = {isa = PBXBuildFile; fileRef = B25C01C81F1464EA007C5E94 /* ViewController.swift */; };
		B25C01CC1F1464EA007C5E94 /* Main.storyboard in Resources */ = {isa = PBXBuildFile; fileRef = B25C01CA1F1464EA007C5E94 /* Main.storyboard */; };
		B25C01CE1F1464EA007C5E94 /* Assets.xcassets in Resources */ = {isa = PBXBuildFile; fileRef = B25C01CD1F1464EA007C5E94 /* Assets.xcassets */; };
		B25C01D11F1464EA007C5E94 /* LaunchScreen.storyboard in Resources */ = {isa = PBXBuildFile; fileRef = B25C01CF1F1464EA007C5E94 /* LaunchScreen.storyboard */; };
		B25C01DC1F1464EB007C5E94 /* NetworkingTests.swift in Sources */ = {isa = PBXBuildFile; fileRef = B25C01DB1F1464EB007C5E94 /* NetworkingTests.swift */; };
		C96E3F46C4E9BC737D470F75 /* Pods_Networking.framework in Frameworks */ = {isa = PBXBuildFile; fileRef = 835B6DDB437C456906369051 /* Pods_Networking.framework */; };
/* End PBXBuildFile section */

/* Begin PBXContainerItemProxy section */
		B25C01D81F1464EB007C5E94 /* PBXContainerItemProxy */ = {
			isa = PBXContainerItemProxy;
			containerPortal = B25C01BB1F1464EA007C5E94 /* Project object */;
			proxyType = 1;
			remoteGlobalIDString = B25C01C21F1464EA007C5E94;
			remoteInfo = Networking;
		};
/* End PBXContainerItemProxy section */

/* Begin PBXFileReference section */
		110941BF1AC2F5213EAE9841 /* Pods-NetworkingTests.release.xcconfig */ = {isa = PBXFileReference; includeInIndex = 1; lastKnownFileType = text.xcconfig; name = "Pods-NetworkingTests.release.xcconfig"; path = "Pods/Target Support Files/Pods-NetworkingTests/Pods-NetworkingTests.release.xcconfig"; sourceTree = "<group>"; };
		1173A42A61165ECC1458EC37 /* Pods-Networking.release.xcconfig */ = {isa = PBXFileReference; includeInIndex = 1; lastKnownFileType = text.xcconfig; name = "Pods-Networking.release.xcconfig"; path = "Pods/Target Support Files/Pods-Networking/Pods-Networking.release.xcconfig"; sourceTree = "<group>"; };
		16D902240414A9EF5882DFF7 /* Pods_NetworkingTests.framework */ = {isa = PBXFileReference; explicitFileType = wrapper.framework; includeInIndex = 0; path = Pods_NetworkingTests.framework; sourceTree = BUILT_PRODUCTS_DIR; };
		17C0F1160993E49BE28ACC7C /* Pods-Networking.debug.xcconfig */ = {isa = PBXFileReference; includeInIndex = 1; lastKnownFileType = text.xcconfig; name = "Pods-Networking.debug.xcconfig"; path = "Pods/Target Support Files/Pods-Networking/Pods-Networking.debug.xcconfig"; sourceTree = "<group>"; };
		835B6DDB437C456906369051 /* Pods_Networking.framework */ = {isa = PBXFileReference; explicitFileType = wrapper.framework; includeInIndex = 0; path = Pods_Networking.framework; sourceTree = BUILT_PRODUCTS_DIR; };
		B1FE332BED696A3855D9720C /* Pods-NetworkingTests.debug.xcconfig */ = {isa = PBXFileReference; includeInIndex = 1; lastKnownFileType = text.xcconfig; name = "Pods-NetworkingTests.debug.xcconfig"; path = "Pods/Target Support Files/Pods-NetworkingTests/Pods-NetworkingTests.debug.xcconfig"; sourceTree = "<group>"; };
		B210540A1F1465EE004AB705 /* DataService.swift */ = {isa = PBXFileReference; fileEncoding = 4; lastKnownFileType = sourcecode.swift; path = DataService.swift; sourceTree = "<group>"; };
		B210540D1F1465EE004AB705 /* HSInterface.swift */ = {isa = PBXFileReference; fileEncoding = 4; lastKnownFileType = sourcecode.swift; path = HSInterface.swift; sourceTree = "<group>"; };
		B210540F1F1465EE004AB705 /* BaseModel.swift */ = {isa = PBXFileReference; fileEncoding = 4; lastKnownFileType = sourcecode.swift; path = BaseModel.swift; sourceTree = "<group>"; };
		B21054101F1465EE004AB705 /* DataServiceModel.swift */ = {isa = PBXFileReference; fileEncoding = 4; lastKnownFileType = sourcecode.swift; path = DataServiceModel.swift; sourceTree = "<group>"; };
		B21054111F1465EE004AB705 /* LoginInfo.swift */ = {isa = PBXFileReference; fileEncoding = 4; lastKnownFileType = sourcecode.swift; path = LoginInfo.swift; sourceTree = "<group>"; };
		B25C01C31F1464EA007C5E94 /* Networking.app */ = {isa = PBXFileReference; explicitFileType = wrapper.application; includeInIndex = 0; path = Networking.app; sourceTree = BUILT_PRODUCTS_DIR; };
		B25C01C61F1464EA007C5E94 /* AppDelegate.swift */ = {isa = PBXFileReference; lastKnownFileType = sourcecode.swift; path = AppDelegate.swift; sourceTree = "<group>"; };
		B25C01C81F1464EA007C5E94 /* ViewController.swift */ = {isa = PBXFileReference; lastKnownFileType = sourcecode.swift; path = ViewController.swift; sourceTree = "<group>"; };
		B25C01CB1F1464EA007C5E94 /* Base */ = {isa = PBXFileReference; lastKnownFileType = file.storyboard; name = Base; path = Base.lproj/Main.storyboard; sourceTree = "<group>"; };
		B25C01CD1F1464EA007C5E94 /* Assets.xcassets */ = {isa = PBXFileReference; lastKnownFileType = folder.assetcatalog; path = Assets.xcassets; sourceTree = "<group>"; };
		B25C01D01F1464EA007C5E94 /* Base */ = {isa = PBXFileReference; lastKnownFileType = file.storyboard; name = Base; path = Base.lproj/LaunchScreen.storyboard; sourceTree = "<group>"; };
		B25C01D21F1464EB007C5E94 /* Info.plist */ = {isa = PBXFileReference; lastKnownFileType = text.plist.xml; path = Info.plist; sourceTree = "<group>"; };
		B25C01D71F1464EB007C5E94 /* NetworkingTests.xctest */ = {isa = PBXFileReference; explicitFileType = wrapper.cfbundle; includeInIndex = 0; path = NetworkingTests.xctest; sourceTree = BUILT_PRODUCTS_DIR; };
		B25C01DB1F1464EB007C5E94 /* NetworkingTests.swift */ = {isa = PBXFileReference; lastKnownFileType = sourcecode.swift; path = NetworkingTests.swift; sourceTree = "<group>"; };
		B25C01DD1F1464EB007C5E94 /* Info.plist */ = {isa = PBXFileReference; lastKnownFileType = text.plist.xml; path = Info.plist; sourceTree = "<group>"; };
/* End PBXFileReference section */

/* Begin PBXFrameworksBuildPhase section */
		B25C01C01F1464EA007C5E94 /* Frameworks */ = {
			isa = PBXFrameworksBuildPhase;
			buildActionMask = 2147483647;
			files = (
				C96E3F46C4E9BC737D470F75 /* Pods_Networking.framework in Frameworks */,
			);
			runOnlyForDeploymentPostprocessing = 0;
		};
		B25C01D41F1464EB007C5E94 /* Frameworks */ = {
			isa = PBXFrameworksBuildPhase;
			buildActionMask = 2147483647;
			files = (
				193AD8609F29769809E5613D /* Pods_NetworkingTests.framework in Frameworks */,
			);
			runOnlyForDeploymentPostprocessing = 0;
		};
/* End PBXFrameworksBuildPhase section */

/* Begin PBXGroup section */
		8C91203D42A65040DBFDA512 /* Pods */ = {
			isa = PBXGroup;
			children = (
				17C0F1160993E49BE28ACC7C /* Pods-Networking.debug.xcconfig */,
				1173A42A61165ECC1458EC37 /* Pods-Networking.release.xcconfig */,
				B1FE332BED696A3855D9720C /* Pods-NetworkingTests.debug.xcconfig */,
				110941BF1AC2F5213EAE9841 /* Pods-NetworkingTests.release.xcconfig */,
			);
			name = Pods;
			sourceTree = "<group>";
		};
		B21054071F1465EE004AB705 /* Interface */ = {
			isa = PBXGroup;
			children = (
				B21054081F1465EE004AB705 /* Base */,
			);
			path = Interface;
			sourceTree = "<group>";
		};
		B21054081F1465EE004AB705 /* Base */ = {
			isa = PBXGroup;
			children = (
				B210540D1F1465EE004AB705 /* HSInterface.swift */,
				B21054091F1465EE004AB705 /* DataService */,
				B210540E1F1465EE004AB705 /* model */,
			);
			path = Base;
			sourceTree = "<group>";
		};
		B21054091F1465EE004AB705 /* DataService */ = {
			isa = PBXGroup;
			children = (
				B210540A1F1465EE004AB705 /* DataService.swift */,
			);
			path = DataService;
			sourceTree = "<group>";
		};
		B210540E1F1465EE004AB705 /* model */ = {
			isa = PBXGroup;
			children = (
				B210540F1F1465EE004AB705 /* BaseModel.swift */,
				B21054101F1465EE004AB705 /* DataServiceModel.swift */,
				B21054111F1465EE004AB705 /* LoginInfo.swift */,
			);
			path = model;
			sourceTree = "<group>";
		};
		B25C01BA1F1464EA007C5E94 = {
			isa = PBXGroup;
			children = (
				B25C01C51F1464EA007C5E94 /* Networking */,
				B25C01DA1F1464EB007C5E94 /* NetworkingTests */,
				B25C01C41F1464EA007C5E94 /* Products */,
				8C91203D42A65040DBFDA512 /* Pods */,
				D35DD3D7E66348DFDE3743AA /* Frameworks */,
			);
			sourceTree = "<group>";
		};
		B25C01C41F1464EA007C5E94 /* Products */ = {
			isa = PBXGroup;
			children = (
				B25C01C31F1464EA007C5E94 /* Networking.app */,
				B25C01D71F1464EB007C5E94 /* NetworkingTests.xctest */,
			);
			name = Products;
			sourceTree = "<group>";
		};
		B25C01C51F1464EA007C5E94 /* Networking */ = {
			isa = PBXGroup;
			children = (
				B21054071F1465EE004AB705 /* Interface */,
				B25C01C61F1464EA007C5E94 /* AppDelegate.swift */,
				B25C01C81F1464EA007C5E94 /* ViewController.swift */,
				B25C01CA1F1464EA007C5E94 /* Main.storyboard */,
				B25C01CD1F1464EA007C5E94 /* Assets.xcassets */,
				B25C01CF1F1464EA007C5E94 /* LaunchScreen.storyboard */,
				B25C01D21F1464EB007C5E94 /* Info.plist */,
			);
			path = Networking;
			sourceTree = "<group>";
		};
		B25C01DA1F1464EB007C5E94 /* NetworkingTests */ = {
			isa = PBXGroup;
			children = (
				B25C01DB1F1464EB007C5E94 /* NetworkingTests.swift */,
				B25C01DD1F1464EB007C5E94 /* Info.plist */,
			);
			path = NetworkingTests;
			sourceTree = "<group>";
		};
		D35DD3D7E66348DFDE3743AA /* Frameworks */ = {
			isa = PBXGroup;
			children = (
				835B6DDB437C456906369051 /* Pods_Networking.framework */,
				16D902240414A9EF5882DFF7 /* Pods_NetworkingTests.framework */,
			);
			name = Frameworks;
			sourceTree = "<group>";
		};
/* End PBXGroup section */

/* Begin PBXNativeTarget section */
		B25C01C21F1464EA007C5E94 /* Networking */ = {
			isa = PBXNativeTarget;
			buildConfigurationList = B25C01E01F1464EB007C5E94 /* Build configuration list for PBXNativeTarget "Networking" */;
			buildPhases = (
				03463C024575528DD9D1E317 /* [CP] Check Pods Manifest.lock */,
				B25C01BF1F1464EA007C5E94 /* Sources */,
				B25C01C01F1464EA007C5E94 /* Frameworks */,
				B25C01C11F1464EA007C5E94 /* Resources */,
				51462F69F0F80EF4DF82040F /* [CP] Embed Pods Frameworks */,
				A9F81D3D0C2B572CB895399B /* [CP] Copy Pods Resources */,
			);
			buildRules = (
			);
			dependencies = (
			);
			name = Networking;
			productName = Networking;
			productReference = B25C01C31F1464EA007C5E94 /* Networking.app */;
			productType = "com.apple.product-type.application";
		};
		B25C01D61F1464EB007C5E94 /* NetworkingTests */ = {
			isa = PBXNativeTarget;
			buildConfigurationList = B25C01E31F1464EB007C5E94 /* Build configuration list for PBXNativeTarget "NetworkingTests" */;
			buildPhases = (
				5F00BD62873C871D1A93899B /* [CP] Check Pods Manifest.lock */,
				B25C01D31F1464EB007C5E94 /* Sources */,
				B25C01D41F1464EB007C5E94 /* Frameworks */,
				B25C01D51F1464EB007C5E94 /* Resources */,
				4F84AF86AA79AF8DE70B1071 /* [CP] Embed Pods Frameworks */,
				A7793621CF81FD5BBFE9F00B /* [CP] Copy Pods Resources */,
			);
			buildRules = (
			);
			dependencies = (
				B25C01D91F1464EB007C5E94 /* PBXTargetDependency */,
			);
			name = NetworkingTests;
			productName = NetworkingTests;
			productReference = B25C01D71F1464EB007C5E94 /* NetworkingTests.xctest */;
			productType = "com.apple.product-type.bundle.unit-test";
		};
/* End PBXNativeTarget section */

/* Begin PBXProject section */
		B25C01BB1F1464EA007C5E94 /* Project object */ = {
			isa = PBXProject;
			attributes = {
				LastSwiftUpdateCheck = 0830;
				LastUpgradeCheck = 0830;
				ORGANIZATIONNAME = hoomsun;
				TargetAttributes = {
					B25C01C21F1464EA007C5E94 = {
						CreatedOnToolsVersion = 8.3.2;
						DevelopmentTeam = 9H9JD2FE9G;
						ProvisioningStyle = Automatic;
					};
					B25C01D61F1464EB007C5E94 = {
						CreatedOnToolsVersion = 8.3.2;
						DevelopmentTeam = 9H9JD2FE9G;
						ProvisioningStyle = Automatic;
						TestTargetID = B25C01C21F1464EA007C5E94;
					};
				};
			};
			buildConfigurationList = B25C01BE1F1464EA007C5E94 /* Build configuration list for PBXProject "Networking" */;
			compatibilityVersion = "Xcode 3.2";
			developmentRegion = English;
			hasScannedForEncodings = 0;
			knownRegions = (
				en,
				Base,
			);
			mainGroup = B25C01BA1F1464EA007C5E94;
			productRefGroup = B25C01C41F1464EA007C5E94 /* Products */;
			projectDirPath = "";
			projectRoot = "";
			targets = (
				B25C01C21F1464EA007C5E94 /* Networking */,
				B25C01D61F1464EB007C5E94 /* NetworkingTests */,
			);
		};
/* End PBXProject section */

/* Begin PBXResourcesBuildPhase section */
		B25C01C11F1464EA007C5E94 /* Resources */ = {
			isa = PBXResourcesBuildPhase;
			buildActionMask = 2147483647;
			files = (
				B25C01D11F1464EA007C5E94 /* LaunchScreen.storyboard in Resources */,
				B25C01CE1F1464EA007C5E94 /* Assets.xcassets in Resources */,
				B25C01CC1F1464EA007C5E94 /* Main.storyboard in Resources */,
			);
			runOnlyForDeploymentPostprocessing = 0;
		};
		B25C01D51F1464EB007C5E94 /* Resources */ = {
			isa = PBXResourcesBuildPhase;
			buildActionMask = 2147483647;
			files = (
			);
			runOnlyForDeploymentPostprocessing = 0;
		};
/* End PBXResourcesBuildPhase section */

/* Begin PBXShellScriptBuildPhase section */
		03463C024575528DD9D1E317 /* [CP] Check Pods Manifest.lock */ = {
			isa = PBXShellScriptBuildPhase;
			buildActionMask = 2147483647;
			files = (
			);
			inputPaths = (
			);
			name = "[CP] Check Pods Manifest.lock";
			outputPaths = (
			);
			runOnlyForDeploymentPostprocessing = 0;
			shellPath = /bin/sh;
			shellScript = "diff \"${PODS_PODFILE_DIR_PATH}/Podfile.lock\" \"${PODS_ROOT}/Manifest.lock\" > /dev/null\nif [ $? != 0 ] ; then\n    # print error to STDERR\n    echo \"error: The sandbox is not in sync with the Podfile.lock. Run 'pod install' or update your CocoaPods installation.\" >&2\n    exit 1\nfi\n";
			showEnvVarsInLog = 0;
		};
		4F84AF86AA79AF8DE70B1071 /* [CP] Embed Pods Frameworks */ = {
			isa = PBXShellScriptBuildPhase;
			buildActionMask = 2147483647;
			files = (
			);
			inputPaths = (
			);
			name = "[CP] Embed Pods Frameworks";
			outputPaths = (
			);
			runOnlyForDeploymentPostprocessing = 0;
			shellPath = /bin/sh;
			shellScript = "\"${SRCROOT}/Pods/Target Support Files/Pods-NetworkingTests/Pods-NetworkingTests-frameworks.sh\"\n";
			showEnvVarsInLog = 0;
		};
		51462F69F0F80EF4DF82040F /* [CP] Embed Pods Frameworks */ = {
			isa = PBXShellScriptBuildPhase;
			buildActionMask = 2147483647;
			files = (
			);
			inputPaths = (
			);
			name = "[CP] Embed Pods Frameworks";
			outputPaths = (
			);
			runOnlyForDeploymentPostprocessing = 0;
			shellPath = /bin/sh;
			shellScript = "\"${SRCROOT}/Pods/Target Support Files/Pods-Networking/Pods-Networking-frameworks.sh\"\n";
			showEnvVarsInLog = 0;
		};
		5F00BD62873C871D1A93899B /* [CP] Check Pods Manifest.lock */ = {
			isa = PBXShellScriptBuildPhase;
			buildActionMask = 2147483647;
			files = (
			);
			inputPaths = (
			);
			name = "[CP] Check Pods Manifest.lock";
			outputPaths = (
			);
			runOnlyForDeploymentPostprocessing = 0;
			shellPath = /bin/sh;
			shellScript = "diff \"${PODS_PODFILE_DIR_PATH}/Podfile.lock\" \"${PODS_ROOT}/Manifest.lock\" > /dev/null\nif [ $? != 0 ] ; then\n    # print error to STDERR\n    echo \"error: The sandbox is not in sync with the Podfile.lock. Run 'pod install' or update your CocoaPods installation.\" >&2\n    exit 1\nfi\n";
			showEnvVarsInLog = 0;
		};
		A7793621CF81FD5BBFE9F00B /* [CP] Copy Pods Resources */ = {
			isa = PBXShellScriptBuildPhase;
			buildActionMask = 2147483647;
			files = (
			);
			inputPaths = (
			);
			name = "[CP] Copy Pods Resources";
			outputPaths = (
			);
			runOnlyForDeploymentPostprocessing = 0;
			shellPath = /bin/sh;
			shellScript = "\"${SRCROOT}/Pods/Target Support Files/Pods-NetworkingTests/Pods-NetworkingTests-resources.sh\"\n";
			showEnvVarsInLog = 0;
		};
		A9F81D3D0C2B572CB895399B /* [CP] Copy Pods Resources */ = {
			isa = PBXShellScriptBuildPhase;
			buildActionMask = 2147483647;
			files = (
			);
			inputPaths = (
			);
			name = "[CP] Copy Pods Resources";
			outputPaths = (
			);
			runOnlyForDeploymentPostprocessing = 0;
			shellPath = /bin/sh;
			shellScript = "\"${SRCROOT}/Pods/Target Support Files/Pods-Networking/Pods-Networking-resources.sh\"\n";
			showEnvVarsInLog = 0;
		};
/* End PBXShellScriptBuildPhase section */

/* Begin PBXSourcesBuildPhase section */
		B25C01BF1F1464EA007C5E94 /* Sources */ = {
			isa = PBXSourcesBuildPhase;
			buildActionMask = 2147483647;
			files = (
				B21054181F1465EE004AB705 /* LoginInfo.swift in Sources */,
				B21054151F1465EE004AB705 /* HSInterface.swift in Sources */,
				B21054121F1465EE004AB705 /* DataService.swift in Sources */,
				B21054161F1465EE004AB705 /* BaseModel.swift in Sources */,
				B25C01C91F1464EA007C5E94 /* ViewController.swift in Sources */,
				B21054171F1465EE004AB705 /* DataServiceModel.swift in Sources */,
				B25C01C71F1464EA007C5E94 /* AppDelegate.swift in Sources */,
			);
			runOnlyForDeploymentPostprocessing = 0;
		};
		B25C01D31F1464EB007C5E94 /* Sources */ = {
			isa = PBXSourcesBuildPhase;
			buildActionMask = 2147483647;
			files = (
				B25C01DC1F1464EB007C5E94 /* NetworkingTests.swift in Sources */,
			);
			runOnlyForDeploymentPostprocessing = 0;
		};
/* End PBXSourcesBuildPhase section */

/* Begin PBXTargetDependency section */
		B25C01D91F1464EB007C5E94 /* PBXTargetDependency */ = {
			isa = PBXTargetDependency;
			target = B25C01C21F1464EA007C5E94 /* Networking */;
			targetProxy = B25C01D81F1464EB007C5E94 /* PBXContainerItemProxy */;
		};
/* End PBXTargetDependency section */

/* Begin PBXVariantGroup section */
		B25C01CA1F1464EA007C5E94 /* Main.storyboard */ = {
			isa = PBXVariantGroup;
			children = (
				B25C01CB1F1464EA007C5E94 /* Base */,
			);
			name = Main.storyboard;
			sourceTree = "<group>";
		};
		B25C01CF1F1464EA007C5E94 /* LaunchScreen.storyboard */ = {
			isa = PBXVariantGroup;
			children = (
				B25C01D01F1464EA007C5E94 /* Base */,
			);
			name = LaunchScreen.storyboard;
			sourceTree = "<group>";
		};
/* End PBXVariantGroup section */

/* Begin XCBuildConfiguration section */
		B25C01DE1F1464EB007C5E94 /* Debug */ = {
			isa = XCBuildConfiguration;
			buildSettings = {
				ALWAYS_SEARCH_USER_PATHS = NO;
				CLANG_ANALYZER_NONNULL = YES;
				CLANG_ANALYZER_NUMBER_OBJECT_CONVERSION = YES_AGGRESSIVE;
				CLANG_CXX_LANGUAGE_STANDARD = "gnu++0x";
				CLANG_CXX_LIBRARY = "libc++";
				CLANG_ENABLE_MODULES = YES;
				CLANG_ENABLE_OBJC_ARC = YES;
				CLANG_WARN_BOOL_CONVERSION = YES;
				CLANG_WARN_CONSTANT_CONVERSION = YES;
				CLANG_WARN_DIRECT_OBJC_ISA_USAGE = YES_ERROR;
				CLANG_WARN_DOCUMENTATION_COMMENTS = YES;
				CLANG_WARN_EMPTY_BODY = YES;
				CLANG_WARN_ENUM_CONVERSION = YES;
				CLANG_WARN_INFINITE_RECURSION = YES;
				CLANG_WARN_INT_CONVERSION = YES;
				CLANG_WARN_OBJC_ROOT_CLASS = YES_ERROR;
				CLANG_WARN_SUSPICIOUS_MOVE = YES;
				CLANG_WARN_UNREACHABLE_CODE = YES;
				CLANG_WARN__DUPLICATE_METHOD_MATCH = YES;
				"CODE_SIGN_IDENTITY[sdk=iphoneos*]" = "iPhone Developer";
				COPY_PHASE_STRIP = NO;
				DEBUG_INFORMATION_FORMAT = dwarf;
				ENABLE_STRICT_OBJC_MSGSEND = YES;
				ENABLE_TESTABILITY = YES;
				GCC_C_LANGUAGE_STANDARD = gnu99;
				GCC_DYNAMIC_NO_PIC = NO;
				GCC_NO_COMMON_BLOCKS = YES;
				GCC_OPTIMIZATION_LEVEL = 0;
				GCC_PREPROCESSOR_DEFINITIONS = (
					"DEBUG=1",
					"$(inherited)",
				);
				GCC_WARN_64_TO_32_BIT_CONVERSION = YES;
				GCC_WARN_ABOUT_RETURN_TYPE = YES_ERROR;
				GCC_WARN_UNDECLARED_SELECTOR = YES;
				GCC_WARN_UNINITIALIZED_AUTOS = YES_AGGRESSIVE;
				GCC_WARN_UNUSED_FUNCTION = YES;
				GCC_WARN_UNUSED_VARIABLE = YES;
				IPHONEOS_DEPLOYMENT_TARGET = 10.3;
				MTL_ENABLE_DEBUG_INFO = YES;
				ONLY_ACTIVE_ARCH = YES;
				SDKROOT = iphoneos;
				SWIFT_ACTIVE_COMPILATION_CONDITIONS = DEBUG;
				SWIFT_OPTIMIZATION_LEVEL = "-Onone";
			};
			name = Debug;
		};
		B25C01DF1F1464EB007C5E94 /* Release */ = {
			isa = XCBuildConfiguration;
			buildSettings = {
				ALWAYS_SEARCH_USER_PATHS = NO;
				CLANG_ANALYZER_NONNULL = YES;
				CLANG_ANALYZER_NUMBER_OBJECT_CONVERSION = YES_AGGRESSIVE;
				CLANG_CXX_LANGUAGE_STANDARD = "gnu++0x";
				CLANG_CXX_LIBRARY = "libc++";
				CLANG_ENABLE_MODULES = YES;
				CLANG_ENABLE_OBJC_ARC = YES;
				CLANG_WARN_BOOL_CONVERSION = YES;
				CLANG_WARN_CONSTANT_CONVERSION = YES;
				CLANG_WARN_DIRECT_OBJC_ISA_USAGE = YES_ERROR;
				CLANG_WARN_DOCUMENTATION_COMMENTS = YES;
				CLANG_WARN_EMPTY_BODY = YES;
				CLANG_WARN_ENUM_CONVERSION = YES;
				CLANG_WARN_INFINITE_RECURSION = YES;
				CLANG_WARN_INT_CONVERSION = YES;
				CLANG_WARN_OBJC_ROOT_CLASS = YES_ERROR;
				CLANG_WARN_SUSPICIOUS_MOVE = YES;
				CLANG_WARN_UNREACHABLE_CODE = YES;
				CLANG_WARN__DUPLICATE_METHOD_MATCH = YES;
				"CODE_SIGN_IDENTITY[sdk=iphoneos*]" = "iPhone Developer";
				COPY_PHASE_STRIP = NO;
				DEBUG_INFORMATION_FORMAT = "dwarf-with-dsym";
				ENABLE_NS_ASSERTIONS = NO;
				ENABLE_STRICT_OBJC_MSGSEND = YES;
				GCC_C_LANGUAGE_STANDARD = gnu99;
				GCC_NO_COMMON_BLOCKS = YES;
				GCC_WARN_64_TO_32_BIT_CONVERSION = YES;
				GCC_WARN_ABOUT_RETURN_TYPE = YES_ERROR;
				GCC_WARN_UNDECLARED_SELECTOR = YES;
				GCC_WARN_UNINITIALIZED_AUTOS = YES_AGGRESSIVE;
				GCC_WARN_UNUSED_FUNCTION = YES;
				GCC_WARN_UNUSED_VARIABLE = YES;
				IPHONEOS_DEPLOYMENT_TARGET = 10.3;
				MTL_ENABLE_DEBUG_INFO = NO;
				SDKROOT = iphoneos;
				SWIFT_OPTIMIZATION_LEVEL = "-Owholemodule";
				VALIDATE_PRODUCT = YES;
			};
			name = Release;
		};
		B25C01E11F1464EB007C5E94 /* Debug */ = {
			isa = XCBuildConfiguration;
			baseConfigurationReference = 17C0F1160993E49BE28ACC7C /* Pods-Networking.debug.xcconfig */;
			buildSettings = {
				ASSETCATALOG_COMPILER_APPICON_NAME = AppIcon;
				DEVELOPMENT_TEAM = 9H9JD2FE9G;
				INFOPLIST_FILE = Networking/Info.plist;
				LD_RUNPATH_SEARCH_PATHS = "$(inherited) @executable_path/Frameworks";
				PRODUCT_BUNDLE_IDENTIFIER = com.hoomsun.Networking;
				PRODUCT_NAME = "$(TARGET_NAME)";
				SWIFT_VERSION = 3.0;
			};
			name = Debug;
		};
		B25C01E21F1464EB007C5E94 /* Release */ = {
			isa = XCBuildConfiguration;
			baseConfigurationReference = 1173A42A61165ECC1458EC37 /* Pods-Networking.release.xcconfig */;
			buildSettings = {
				ASSETCATALOG_COMPILER_APPICON_NAME = AppIcon;
				DEVELOPMENT_TEAM = 9H9JD2FE9G;
				INFOPLIST_FILE = Networking/Info.plist;
				LD_RUNPATH_SEARCH_PATHS = "$(inherited) @executable_path/Frameworks";
				PRODUCT_BUNDLE_IDENTIFIER = com.hoomsun.Networking;
				PRODUCT_NAME = "$(TARGET_NAME)";
				SWIFT_VERSION = 3.0;
			};
			name = Release;
		};
		B25C01E41F1464EB007C5E94 /* Debug */ = {
			isa = XCBuildConfiguration;
			baseConfigurationReference = B1FE332BED696A3855D9720C /* Pods-NetworkingTests.debug.xcconfig */;
			buildSettings = {
				ALWAYS_EMBED_SWIFT_STANDARD_LIBRARIES = YES;
				BUNDLE_LOADER = "$(TEST_HOST)";
				DEVELOPMENT_TEAM = 9H9JD2FE9G;
				INFOPLIST_FILE = NetworkingTests/Info.plist;
				LD_RUNPATH_SEARCH_PATHS = "$(inherited) @executable_path/Frameworks @loader_path/Frameworks";
				PRODUCT_BUNDLE_IDENTIFIER = com.hoomsun.NetworkingTests;
				PRODUCT_NAME = "$(TARGET_NAME)";
				SWIFT_VERSION = 3.0;
				TEST_HOST = "$(BUILT_PRODUCTS_DIR)/Networking.app/Networking";
			};
			name = Debug;
		};
		B25C01E51F1464EB007C5E94 /* Release */ = {
			isa = XCBuildConfiguration;
			baseConfigurationReference = 110941BF1AC2F5213EAE9841 /* Pods-NetworkingTests.release.xcconfig */;
			buildSettings = {
				ALWAYS_EMBED_SWIFT_STANDARD_LIBRARIES = YES;
				BUNDLE_LOADER = "$(TEST_HOST)";
				DEVELOPMENT_TEAM = 9H9JD2FE9G;
				INFOPLIST_FILE = NetworkingTests/Info.plist;
				LD_RUNPATH_SEARCH_PATHS = "$(inherited) @executable_path/Frameworks @loader_path/Frameworks";
				PRODUCT_BUNDLE_IDENTIFIER = com.hoomsun.NetworkingTests;
				PRODUCT_NAME = "$(TARGET_NAME)";
				SWIFT_VERSION = 3.0;
				TEST_HOST = "$(BUILT_PRODUCTS_DIR)/Networking.app/Networking";
			};
			name = Release;
		};
/* End XCBuildConfiguration section */

/* Begin XCConfigurationList section */
		B25C01BE1F1464EA007C5E94 /* Build configuration list for PBXProject "Networking" */ = {
			isa = XCConfigurationList;
			buildConfigurations = (
				B25C01DE1F1464EB007C5E94 /* Debug */,
				B25C01DF1F1464EB007C5E94 /* Release */,
			);
			defaultConfigurationIsVisible = 0;
			defaultConfigurationName = Release;
		};
		B25C01E01F1464EB007C5E94 /* Build configuration list for PBXNativeTarget "Networking" */ = {
			isa = XCConfigurationList;
			buildConfigurations = (
				B25C01E11F1464EB007C5E94 /* Debug */,
				B25C01E21F1464EB007C5E94 /* Release */,
			);
			defaultConfigurationIsVisible = 0;
			defaultConfigurationName = Release;
		};
		B25C01E31F1464EB007C5E94 /* Build configuration list for PBXNativeTarget "NetworkingTests" */ = {
			isa = XCConfigurationList;
			buildConfigurations = (
				B25C01E41F1464EB007C5E94 /* Debug */,
				B25C01E51F1464EB007C5E94 /* Release */,
			);
			defaultConfigurationIsVisible = 0;
			defaultConfigurationName = Release;
		};
/* End XCConfigurationList section */
	};
	rootObject = B25C01BB1F1464EA007C5E94 /* Project object */;
}
